# This file is automatically @generated by Cargo.
# It is not intended for manual editing.
version = 4

[[package]]
name = "vyr-bench"
version = "0.0.1"
dependencies = [
 "vyr-core",
]

[[package]]
name = "vyr-cli"
version = "0.0.1"
dependencies = [
 "vyr-core",
]

[[package]]
name = "vyr-core"
version = "0.0.1"
